{
    "_meta": {
        "hash": {
            "sha256": "34af69b418d3af414f642c613680aa0df1bbd5511feb2b72ab4cdab556e84a86"
        },
        "pipfile-spec": 6,
        "requires": {
            "python_version": "3.8"
        },
        "sources": [
            {
                "name": "pypi",
                "url": "https://pypi.org/simple",
                "verify_ssl": true
            }
        ]
    },
    "default": {
        "awscli": {
            "hashes": [
                "sha256:79001577e6a5078c208ade89cfa503647abf831354e2002b10fe6cae9ccb46d2",
                "sha256:a11d63f3c618e0243e946e7d15c03627cb8db32eba7342c841cddd1262410e06"
            ],
            "version": "==1.19.37"
        },
        "awscli-local": {
            "hashes": [
                "sha256:bdf604a86f344a82eff57b52260a53db0d20272cf1cc5a36c77b79719988b931"
            ],
            "index": "pypi",
            "version": "==0.6"
        },
        "boto3": {
            "hashes": [
                "sha256:2d1dd1ad3212c389074280c3fc714fd7b038cca259e9b179c58874d0da364de6"
            ],
            "version": "==1.17.37"
        },
        "botocore": {
            "hashes": [
                "sha256:382d83c0a5b2106c8d0d7a67fb56945197a29cbd0f21625b032ca6941cc4ae31",
                "sha256:c78add1ad17646cb952ee67f9f8771a26b269d682edf2708deac7c5d2bc1526d"
            ],
            "version": "==1.20.37"
        },
        "certifi": {
            "hashes": [
                "sha256:1a4995114262bffbc2413b159f2a1a480c969de6e6eb13ee966d470af86af59c",
                "sha256:719a74fb9e33b9bd44cc7f3a8d94bc35e4049deebe19ba7d8e108280cfd59830"
            ],
            "version": "==2020.12.5"
        },
        "chardet": {
            "hashes": [
                "sha256:0d6f53a15db4120f2b08c94f11e7d93d2c911ee118b6b30a04ec3ee8310179fa",
                "sha256:f864054d66fd9118f2e67044ac8981a54775ec5b67aed0441892edb553d21da5"
            ],
            "version": "==4.0.0"
        },
        "colorama": {
            "hashes": [
                "sha256:7d73d2a99753107a36ac6b455ee49046802e59d9d076ef8e47b61499fa29afff",
                "sha256:e96da0d330793e2cb9485e9ddfd918d456036c7149416295932478192f4436a1"
            ],
            "version": "==0.4.3"
        },
        "dnslib": {
            "hashes": [
                "sha256:fbd20a7cd704836923be8e130f0da6c3d840f14ac04590fae420a41d1f1be6fb"
            ],
            "version": "==0.9.14"
        },
        "dnspython": {
            "hashes": [
                "sha256:36c5e8e38d4369a08b6780b7f27d790a292b2b08eea01607865bf0936c558e01",
                "sha256:f69c21288a962f4da86e56c4905b49d11aba7938d3d740e80d9e366ee4f1632d"
            ],
            "version": "==1.16.0"
        },
        "docopt": {
            "hashes": [
                "sha256:49b3a825280bd66b3aa83585ef59c4a8c82f2c8a522dbe754a8bc8d08c85c491"
            ],
            "version": "==0.6.2"
        },
        "docutils": {
            "hashes": [
                "sha256:6c4f696463b79f1fb8ba0c594b63840ebd41f059e92b31957c46b74a4599b6d0",
                "sha256:9e4d7ecfc600058e07ba661411a2b7de2fd0fafa17d1a7f7361cd47b1175c827",
                "sha256:a2aeea129088da402665e92e0b25b04b073c04b2dce4ab65caaa38b7ce2e1a99"
            ],
            "version": "==0.15.2"
        },
        "dulwich": {
            "hashes": [
                "sha256:18f52e801921665986c51ddd2efe62d961efb97bdcfaf844a5b636997c0777ae",
                "sha256:1cfba9ccccd9e513afeb0bedca2de34ab674814764102eb430c75a86fba37aaa",
                "sha256:2fca59c6a0b119942be9796cdb706bd1f7e9509924c63166d437afedc6950ece",
                "sha256:4331ea9d27e8b722c178fa603760c9ba904336b41b513e092ad94c79e99c995a",
                "sha256:45dd6a82416f076b639449bbee84b39b32b5eab7b90540badf4d8b2b0ecee84f",
                "sha256:6c287ad8978b698038cdd071bbd68e838bdba935b1d7d011c1f8cc00b8edca13",
                "sha256:71511bc5038efa27614e9112acbda49d26aaec58300166c6979e220257282069",
                "sha256:7a748afb97fb0a0cd93bb5c10a4c41ca0c080f1d9473e30e1db045004a1aa585",
                "sha256:7f96647fda9a7b0cf0ab905e14403012cfaff9d459f1e57fafc92ed4870f1c65",
                "sha256:81bc2bbdc6dcd6f7c7dc43e6875914e4816f0c798bb9f89b6934e610ad30746c",
                "sha256:8fdcf2e796a978e62753eab13c919abf57337e1c464b9d518d3a30572bbbe8ee",
                "sha256:91f69ce2ed5ca99441339bb41338692b9b48ee67fd9c82b1837a5c0ce1c04f96",
                "sha256:ac764c9a9b80fa61afe3404d5270c5060aa57f7f087b11a95395d3b76f3b71fd",
                "sha256:aef6be3233b1100394b8b94a94277a8292042ab4f9ec2a0d62fa68a41edb1535",
                "sha256:b34a20eab578f36408ccfcd83c470f08cdc548081a87fbfa0bc869927eccb411",
                "sha256:b8c24d3874a5162343aaaad5fe29dd3cbe1870b670ca639ed825ca14859d56e4",
                "sha256:be63dc78424f6af8bb27cb62bbf06f6d1d54feb06a432c642e1af6dc90d1a9e9",
                "sha256:be6a954cec473dccc23086d8c5be668ccaedd90c5c7b3939c0fab4fdd8f124cd",
                "sha256:df49c6b761d222ca56d5c971736ce88a74485c75674a5d0de8b9b4a3c1869174",
                "sha256:e14fae058964846d1c4e51b4a56a709075edd308ea7bd946d65dee91b1f323c9",
                "sha256:e52520fc5e4381f3de5f06f7f6d21bd5cb0029523b4b61b97e40538a1152d49a"
            ],
            "version": "==0.20.21"
        },
        "idna": {
            "hashes": [
                "sha256:b307872f855b18632ce0c21c5e45be78c0ea7ae4c15c828c20788b26921eb3f6",
                "sha256:b97d804b1e9b523befed77c48dacec60e6dcb0b5391d57af6a65a312a90648c0"
            ],
            "version": "==2.10"
        },
        "jmespath": {
            "hashes": [
                "sha256:b85d0567b8666149a93172712e68920734333c0ce7e89b78b3e987f71e5ed4f9",
                "sha256:cdf6525904cc597730141d61b36f2e4b8ecc257c420fa2f4549bac2c2d0cb72f"
            ],
            "version": "==0.10.0"
        },
        "localstack": {
            "hashes": [
                "sha256:b3baf77741525642885a5807c40d64e6e3c62c35b03596ab7c1a5820d656e4a9"
            ],
            "index": "pypi",
            "version": "==0.11.2"
        },
        "localstack-client": {
            "hashes": [
                "sha256:dcfe0258d076d654c8b8ffd14a0783216ed7eb0567e66313928beab03966e549"
            ],
            "version": "==1.14"
        },
        "localstack-ext": {
            "hashes": [
                "sha256:a49e51f65d2bc8ab48cf54a2b35231a1ba4e50075ce9b62f0b19aca453f4cd9d"
            ],
            "version": "==0.12.6.1"
        },
        "pyaes": {
            "hashes": [
                "sha256:02c1b1405c38d3c370b085fb952dd8bea3fadcee6411ad99f312cc129c536d8f"
            ],
            "version": "==1.6.1"
        },
        "pyasn1": {
            "hashes": [
                "sha256:39c7e2ec30515947ff4e87fb6f456dfc6e84857d34be479c9d4a4ba4bf46aa5d",
                "sha256:aef77c9fb94a3ac588e87841208bdec464471d9871bd5050a287cc9a475cd0ba"
            ],
            "version": "==0.4.8"
        },
        "python-dateutil": {
            "hashes": [
                "sha256:73ebfe9dbf22e832286dafa60473e4cd239f8592f699aa5adaf10050e6e1823c",
                "sha256:75bb3f31ea686f1197762692a9ee6a7550b59fc6ca3a1f4b5d7e32fb98e2da2a"
            ],
            "version": "==2.8.1"
        },
        "pyyaml": {
            "hashes": [
                "sha256:02c78d77281d8f8d07a255e57abdbf43b02257f59f50cc6b636937d68efa5dd0",
                "sha256:0dc9f2eb2e3c97640928dec63fd8dc1dd91e6b6ed236bd5ac00332b99b5c2ff9",
                "sha256:124fd7c7bc1e95b1eafc60825f2daf67c73ce7b33f1194731240d24b0d1bf628",
                "sha256:26fcb33776857f4072601502d93e1a619f166c9c00befb52826e7b774efaa9db",
                "sha256:31ba07c54ef4a897758563e3a0fcc60077698df10180abe4b8165d9895c00ebf",
                "sha256:3c49e39ac034fd64fd576d63bb4db53cda89b362768a67f07749d55f128ac18a",
                "sha256:52bf0930903818e600ae6c2901f748bc4869c0c406056f679ab9614e5d21a166",
                "sha256:5a3f345acff76cad4aa9cb171ee76c590f37394186325d53d1aa25318b0d4a09",
                "sha256:5e7ac4e0e79a53451dc2814f6876c2fa6f71452de1498bbe29c0b54b69a986f4",
                "sha256:7242790ab6c20316b8e7bb545be48d7ed36e26bbe279fd56f2c4a12510e60b4b",
                "sha256:737bd70e454a284d456aa1fa71a0b429dd527bcbf52c5c33f7c8eee81ac16b89",
                "sha256:8635d53223b1f561b081ff4adecb828fd484b8efffe542edcfdff471997f7c39",
                "sha256:8b818b6c5a920cbe4203b5a6b14256f0e5244338244560da89b7b0f1313ea4b6",
                "sha256:8bf38641b4713d77da19e91f8b5296b832e4db87338d6aeffe422d42f1ca896d",
                "sha256:a36a48a51e5471513a5aea920cdad84cbd56d70a5057cca3499a637496ea379c",
                "sha256:b2243dd033fd02c01212ad5c601dafb44fbb293065f430b0d3dbf03f3254d615",
                "sha256:cc547d3ead3754712223abb7b403f0a184e4c3eae18c9bb7fd15adef1597cc4b",
                "sha256:cc552b6434b90d9dbed6a4f13339625dc466fd82597119897e9489c953acbc22",
                "sha256:f3790156c606299ff499ec44db422f66f05a7363b39eb9d5b064f17bd7d7c47b",
                "sha256:f7a21e3d99aa3095ef0553e7ceba36fb693998fbb1226f1392ce33681047465f",
                "sha256:fdc6b2cb4b19e431994f25a9160695cc59a4e861710cc6fc97161c5e845fc579"
            ],
            "index": "pypi",
            "version": "==5.4"
        },
        "requests": {
            "hashes": [
                "sha256:27973dd4a904a4f13b263a19c866c13b92a39ed1c964655f025f3f8d3d75b804",
                "sha256:c210084e36a42ae6b9219e00e48287def368a26d03a048ddad7bfee44f75871e"
            ],
            "version": "==2.25.1"
        },
        "rsa": {
            "hashes": [
                "sha256:35c5b5f6675ac02120036d97cf96f1fde4d49670543db2822ba5015e21a18032",
                "sha256:4d409f5a7d78530a4a2062574c7bd80311bc3af29b364e293aa9b03eea77714f"
            ],
            "version": "==4.5"
        },
        "s3transfer": {
            "hashes": [
                "sha256:5d48b1fd2232141a9d5fb279709117aaba506cacea7f86f11bc392f06bfa8fc2",
                "sha256:c5dadf598762899d8cfaecf68eba649cd25b0ce93b6c954b156aaa3eed160547"
            ],
            "version": "==0.3.6"
        },
        "six": {
            "hashes": [
                "sha256:30639c035cdb23534cd4aa2dd52c3bf48f06e5f4a941509c8bafd8ce11080259",
                "sha256:8b74bedcbbbaca38ff6d7491d76f2b06b3592611af620f8426e82dddb04a5ced"
            ],
            "version": "==1.15.0"
        },
        "urllib3": {
            "hashes": [
                "sha256:2f4da4594db7e1e110a944bb1b551fdf4e6c136ad42e4234131391e21eb5b0df",
                "sha256:e7b021f7241115872f92f43c6508082facffbd1c048e3c6e2bb9c2a157e28937"
            ],
            "version": "==1.26.4"
        }
    },
    "develop": {}
}
