{
    "_meta": {
        "hash": {
            "sha256": "34af69b418d3af414f642c613680aa0df1bbd5511feb2b72ab4cdab556e84a86"
        },
        "pipfile-spec": 6,
        "requires": {
            "python_version": "3.8"
        },
        "sources": [
            {
                "name": "pypi",
                "url": "https://pypi.org/simple",
                "verify_ssl": true
            }
        ]
    },
    "default": {
        "awscli": {
            "hashes": [
                "sha256:adeb2e574f9d3f44b4e2cd79adc761cb634e694d4359bf9996462025196f251a"
            ],
            "version": "==1.19.35"
        },
        "awscli-local": {
            "hashes": [
                "sha256:bdf604a86f344a82eff57b52260a53db0d20272cf1cc5a36c77b79719988b931"
            ],
            "index": "pypi",
            "version": "==0.6"
        },
        "boto3": {
            "hashes": [
                "sha256:1e6e06b2f1eee5a76acdde1e7b4f57c93c1bf2905341207d74f2a140ce060cd8",
                "sha256:40e84a5f7888924db74a2710dbe48d066b51fe1f5549efaffe90e6efe813f37b"
            ],
            "version": "==1.17.35"
        },
        "botocore": {
            "hashes": [
                "sha256:9119ffb231145ffadd55391c9356dcdb18e3de65c3a7c82844634e949f0ca5a0",
                "sha256:e34bbb7d7de154c2ff2a73ae0691c601a69c5bda887374c8a6a23072380b07a4"
            ],
            "version": "==1.20.35"
        },
        "certifi": {
            "hashes": [
                "sha256:1a4995114262bffbc2413b159f2a1a480c969de6e6eb13ee966d470af86af59c",
                "sha256:719a74fb9e33b9bd44cc7f3a8d94bc35e4049deebe19ba7d8e108280cfd59830"
            ],
            "version": "==2020.12.5"
        },
        "chardet": {
            "hashes": [
                "sha256:0d6f53a15db4120f2b08c94f11e7d93d2c911ee118b6b30a04ec3ee8310179fa",
                "sha256:f864054d66fd9118f2e67044ac8981a54775ec5b67aed0441892edb553d21da5"
            ],
            "version": "==4.0.0"
        },
        "colorama": {
            "hashes": [
                "sha256:7d73d2a99753107a36ac6b455ee49046802e59d9d076ef8e47b61499fa29afff",
                "sha256:e96da0d330793e2cb9485e9ddfd918d456036c7149416295932478192f4436a1"
            ],
            "version": "==0.4.3"
        },
        "dnslib": {
            "hashes": [
                "sha256:fbd20a7cd704836923be8e130f0da6c3d840f14ac04590fae420a41d1f1be6fb"
            ],
            "version": "==0.9.14"
        },
        "dnspython": {
            "hashes": [
                "sha256:36c5e8e38d4369a08b6780b7f27d790a292b2b08eea01607865bf0936c558e01",
                "sha256:f69c21288a962f4da86e56c4905b49d11aba7938d3d740e80d9e366ee4f1632d"
            ],
            "version": "==1.16.0"
        },
        "docopt": {
            "hashes": [
                "sha256:49b3a825280bd66b3aa83585ef59c4a8c82f2c8a522dbe754a8bc8d08c85c491"
            ],
            "version": "==0.6.2"
        },
        "docutils": {
            "hashes": [
                "sha256:6c4f696463b79f1fb8ba0c594b63840ebd41f059e92b31957c46b74a4599b6d0",
                "sha256:9e4d7ecfc600058e07ba661411a2b7de2fd0fafa17d1a7f7361cd47b1175c827",
                "sha256:a2aeea129088da402665e92e0b25b04b073c04b2dce4ab65caaa38b7ce2e1a99"
            ],
            "version": "==0.15.2"
        },
        "dulwich": {
            "hashes": [
                "sha256:03e7e75a8777fdb92efa66d25be378704d0b1c18af0f5970a3288c0a7c210e19",
                "sha256:1035720230d9defc2178ca79b8036442896a3391a451ed09d245f3fadf389452",
                "sha256:1af700600ee04e0ddccc619431ea554e4af97ccbb37e5e61dfdf3ca08cea7b05",
                "sha256:22c3f90c9c85b09314c2775ad7454edada433cc0f4ba69334383c9b00b09ef3c",
                "sha256:2833e9cf32d653cb326ea2423eedb0439e21d95e7b72a9e4c3ca00e2526f4554",
                "sha256:426959b9705fadcc6c820e5adf3291d71a48aba0afccf7411422e3308f115f87",
                "sha256:5c7bddd947b62c50cfe1bcc10da5ed51aecf38b4b2ea0e8b420232aaa7cf64ef",
                "sha256:61d91761a10ba90e2bb709297d7dab9c6a74b19bafb07c1bc644ee2a6f835c0b",
                "sha256:a5507bdc13ac88eafc7d03e58288814bbf59648b484bd27b7692cc9fe3fd87a4",
                "sha256:cfb727c59bfa418d378934206e29857512f00608cbc5b27e544b2357d36f9713",
                "sha256:cfc48fa2ce877360f0a7aa0ec3aa5143d61617ec66f96bb11a30c7ae135ec450",
                "sha256:da920a0d2ff736b89a403f8d5413c78fbac015fbc37775cd862820c868b31cad",
                "sha256:def6f826cae29d8d9ce0429fbec0c48ec7924ba37d596f2076b5f55bff93d793",
                "sha256:e0bbcb3e9a5889d3e9e21ea99ae239389da054208e31485c591f60c7b08345aa",
                "sha256:e24f7f665c7e615c7c6a51a1d8e24e89a9c1a9f5898b89bbeff4a845ad3c19dc",
                "sha256:f94396c746df2678fc9a3c7abd6c135ea4ba10e1c27f5d1f1cdeebd163541232",
                "sha256:ff11304aaa3f452257454d11d084226fb008f76977a4c90ae2ba3dee81017a74"
            ],
            "version": "==0.20.20"
        },
        "idna": {
            "hashes": [
                "sha256:b307872f855b18632ce0c21c5e45be78c0ea7ae4c15c828c20788b26921eb3f6",
                "sha256:b97d804b1e9b523befed77c48dacec60e6dcb0b5391d57af6a65a312a90648c0"
            ],
            "version": "==2.10"
        },
        "jmespath": {
            "hashes": [
                "sha256:b85d0567b8666149a93172712e68920734333c0ce7e89b78b3e987f71e5ed4f9",
                "sha256:cdf6525904cc597730141d61b36f2e4b8ecc257c420fa2f4549bac2c2d0cb72f"
            ],
            "version": "==0.10.0"
        },
        "localstack": {
            "hashes": [
                "sha256:b3baf77741525642885a5807c40d64e6e3c62c35b03596ab7c1a5820d656e4a9"
            ],
            "index": "pypi",
            "version": "==0.11.2"
        },
        "localstack-client": {
            "hashes": [
                "sha256:dcfe0258d076d654c8b8ffd14a0783216ed7eb0567e66313928beab03966e549"
            ],
            "version": "==1.14"
        },
        "localstack-ext": {
            "hashes": [
                "sha256:fb807092ee66ac2e1e489cdd84d4923a1bb06ad50c321a6b3d5ac3576d9b24cd"
            ],
            "version": "==0.12.6"
        },
        "pyaes": {
            "hashes": [
                "sha256:02c1b1405c38d3c370b085fb952dd8bea3fadcee6411ad99f312cc129c536d8f"
            ],
            "version": "==1.6.1"
        },
        "pyasn1": {
            "hashes": [
                "sha256:39c7e2ec30515947ff4e87fb6f456dfc6e84857d34be479c9d4a4ba4bf46aa5d",
                "sha256:aef77c9fb94a3ac588e87841208bdec464471d9871bd5050a287cc9a475cd0ba"
            ],
            "version": "==0.4.8"
        },
        "python-dateutil": {
            "hashes": [
                "sha256:73ebfe9dbf22e832286dafa60473e4cd239f8592f699aa5adaf10050e6e1823c",
                "sha256:75bb3f31ea686f1197762692a9ee6a7550b59fc6ca3a1f4b5d7e32fb98e2da2a"
            ],
            "version": "==2.8.1"
        },
        "pyyaml": {
            "hashes": [
                "sha256:08682f6b72c722394747bddaf0aa62277e02557c0fd1c42cb853016a38f8dedf",
                "sha256:0f5f5786c0e09baddcd8b4b45f20a7b5d61a7e7e99846e3c799b05c7c53fa696",
                "sha256:129def1b7c1bf22faffd67b8f3724645203b79d8f4cc81f674654d9902cb4393",
                "sha256:294db365efa064d00b8d1ef65d8ea2c3426ac366c0c4368d930bf1c5fb497f77",
                "sha256:3b2b1824fe7112845700f815ff6a489360226a5609b96ec2190a45e62a9fc922",
                "sha256:3bd0e463264cf257d1ffd2e40223b197271046d09dadf73a0fe82b9c1fc385a5",
                "sha256:4465124ef1b18d9ace298060f4eccc64b0850899ac4ac53294547536533800c8",
                "sha256:49d4cdd9065b9b6e206d0595fee27a96b5dd22618e7520c33204a4a3239d5b10",
                "sha256:4e0583d24c881e14342eaf4ec5fbc97f934b999a6828693a99157fde912540cc",
                "sha256:5accb17103e43963b80e6f837831f38d314a0495500067cb25afab2e8d7a4018",
                "sha256:607774cbba28732bfa802b54baa7484215f530991055bb562efbed5b2f20a45e",
                "sha256:6c78645d400265a062508ae399b60b8c167bf003db364ecb26dcab2bda048253",
                "sha256:72a01f726a9c7851ca9bfad6fd09ca4e090a023c00945ea05ba1638c09dc3347",
                "sha256:74c1485f7707cf707a7aef42ef6322b8f97921bd89be2ab6317fd782c2d53183",
                "sha256:895f61ef02e8fed38159bb70f7e100e00f471eae2bc838cd0f4ebb21e28f8541",
                "sha256:8c1be557ee92a20f184922c7b6424e8ab6691788e6d86137c5d93c1a6ec1b8fb",
                "sha256:bb4191dfc9306777bc594117aee052446b3fa88737cd13b7188d0e7aa8162185",
                "sha256:bfb51918d4ff3d77c1c856a9699f8492c612cde32fd3bcd344af9be34999bfdc",
                "sha256:c20cfa2d49991c8b4147af39859b167664f2ad4561704ee74c1de03318e898db",
                "sha256:cb333c16912324fd5f769fff6bc5de372e9e7a202247b48870bc251ed40239aa",
                "sha256:d2d9808ea7b4af864f35ea216be506ecec180628aced0704e34aca0b040ffe46",
                "sha256:d483ad4e639292c90170eb6f7783ad19490e7a8defb3e46f97dfe4bacae89122",
                "sha256:dd5de0646207f053eb0d6c74ae45ba98c3395a571a2891858e87df7c9b9bd51b",
                "sha256:e1d4970ea66be07ae37a3c2e48b5ec63f7ba6804bdddfdbd3cfd954d25a82e63",
                "sha256:e4fac90784481d221a8e4b1162afa7c47ed953be40d31ab4629ae917510051df",
                "sha256:fa5ae20527d8e831e8230cbffd9f8fe952815b2b7dae6ffec25318803a7528fc",
                "sha256:fd7f6999a8070df521b6384004ef42833b9bd62cfee11a09bda1079b4b704247",
                "sha256:fdc842473cd33f45ff6bce46aea678a54e3d21f1b61a7750ce3c498eedfe25d6",
                "sha256:fe69978f3f768926cfa37b867e3843918e012cf83f680806599ddce33c2c68b0"
            ],
            "version": "==5.4.1"
        },
        "requests": {
            "hashes": [
                "sha256:27973dd4a904a4f13b263a19c866c13b92a39ed1c964655f025f3f8d3d75b804",
                "sha256:c210084e36a42ae6b9219e00e48287def368a26d03a048ddad7bfee44f75871e"
            ],
            "version": "==2.25.1"
        },
        "rsa": {
            "hashes": [
                "sha256:2c7c8624ef9b55bacc3be8bdcec5cefc381ddc156e968d6437fe0fd08af00eb0",
                "sha256:6fa6a54eb72bfc0abca7f27880b978b14a643ba2a6ad9f4a56a95be82129ca1b"
            ],
            "index": "pypi",
            "version": "==4.1"
        },
        "s3transfer": {
            "hashes": [
                "sha256:5d48b1fd2232141a9d5fb279709117aaba506cacea7f86f11bc392f06bfa8fc2",
                "sha256:c5dadf598762899d8cfaecf68eba649cd25b0ce93b6c954b156aaa3eed160547"
            ],
            "version": "==0.3.6"
        },
        "six": {
            "hashes": [
                "sha256:30639c035cdb23534cd4aa2dd52c3bf48f06e5f4a941509c8bafd8ce11080259",
                "sha256:8b74bedcbbbaca38ff6d7491d76f2b06b3592611af620f8426e82dddb04a5ced"
            ],
            "version": "==1.15.0"
        },
        "urllib3": {
            "hashes": [
                "sha256:2f4da4594db7e1e110a944bb1b551fdf4e6c136ad42e4234131391e21eb5b0df",
                "sha256:e7b021f7241115872f92f43c6508082facffbd1c048e3c6e2bb9c2a157e28937"
            ],
            "version": "==1.26.4"
        }
    },
    "develop": {}
}
